
Microsoft Visual Studio Solution File, Format Version 12.00
# Visual Studio 15
VisualStudioVersion = 15.0.28307.852
MinimumVisualStudioVersion = 10.0.40219.1
Project("{D2ABAB84-BF74-430A-B69E-9DC6D40DDA17}") = "DK_126820", "DK_126820.dwproj", "{2DD3E7A6-5684-422C-804D-445B2BB263A6}"
EndProject
Global
	GlobalSection(SolutionConfigurationPlatforms) = preSolution
		Development|Default = Development|Default
	EndGlobalSection
	GlobalSection(ProjectConfigurationPlatforms) = postSolution
		{2DD3E7A6-5684-422C-804D-445B2BB263A6}.Development|Default.ActiveCfg = Development
		{2DD3E7A6-5684-422C-804D-445B2BB263A6}.Development|Default.Build.0 = Development
		{2DD3E7A6-5684-422C-804D-445B2BB263A6}.Development|Default.Deploy.0 = Development
	EndGlobalSection
	GlobalSection(SolutionProperties) = preSolution
		HideSolutionNode = FALSE
	EndGlobalSection
	GlobalSection(ExtensibilityGlobals) = postSolution
		SolutionGuid = {ADE7C70E-B011-4206-A160-D0BCA9DC7B2B}
	EndGlobalSection
EndGlobal
